{
  "name": "search-uniapp",
  "version": "1.0.0",
  "lockfileVersion": 3,
  "requires": true,
  "packages": {
    "": {
      "name": "search-uniapp",
      "version": "1.0.0",
      "license": "ISC",
      "dependencies": {
        "dayjs": "^1.10.4",
        "mockjs": "^1.1.0"
      },
      "devDependencies": {}
    },
    "node_modules/commander": {
      "version": "12.0.0",
      "resolved": "https://registry.npmmirror.com/commander/-/commander-12.0.0.tgz",
      "integrity": "sha512-MwVNWlYjDTtOjX5PiD7o5pK0UrFU/OYgcJfjjK4RaHZETNtjJqrZa9Y9ds88+A+f+d5lv+561eZ+yCKoS3gbAA==",
      "engines": {
        "node": ">=18"
      }
    },
    "node_modules/dayjs": {
      "version": "1.10.4",
      "resolved": "https://registry.npmmirror.com/dayjs/-/dayjs-1.10.4.tgz",
      "integrity": "sha512-RI/Hh4kqRc1UKLOAf/T5zdMMX5DQIlDxwUe3wSyMMnEbGunnpENCdbUgM+dW7kXidZqCttBrmw7BhN4TMddkCw=="
    },
    "node_modules/mockjs": {
      "version": "1.1.0",
      "resolved": "https://registry.npmmirror.com/mockjs/-/mockjs-1.1.0.tgz",
      "integrity": "sha512-eQsKcWzIaZzEZ07NuEyO4Nw65g0hdWAyurVol1IPl1gahRwY+svqzfgfey8U8dahLwG44d6/RwEzuK52rSa/JQ==",
      "dependencies": {
        "commander": "*"
      },
      "bin": {
        "random": "bin/random"
      }
    }
  }
}
